{
  "name": "chrysalis",
  "version": "1.0.0",
  "lockfileVersion": 3,
  "requires": true,
  "packages": {
    "": {
      "dependencies": {
        "utf8": "^3.0.0"
      },
      "devDependencies": {
        "@types/utf8": "^3.0.3",
        "typescript": "^6.0.2"
      }
    },
    "node_modules/@types/utf8": {
      "version": "3.0.3",
      "resolved": "https://registry.npmjs.org/@types/utf8/-/utf8-3.0.3.tgz",
      "integrity": "sha512-+lqLGxWZsEe4Z6OrzBI7Ym4SMUTaMS5yOrHZ0/IL0bpIye1Qbs4PpobJL2mLDbftUXlPFZR7fu6d1yM+bHLX1w==",
      "dev": true,
      "license": "MIT"
    },
    "node_modules/typescript": {
      "version": "6.0.2",
      "resolved": "https://registry.npmjs.org/typescript/-/typescript-6.0.2.tgz",
      "integrity": "sha512-bGdAIrZ0wiGDo5l8c++HWtbaNCWTS4UTv7RaTH/ThVIgjkveJt83m74bBHMJkuCbslY8ixgLBVZJIOiQlQTjfQ==",
      "dev": true,
      "license": "Apache-2.0",
      "bin": {
        "tsc": "bin/tsc",
        "tsserver": "bin/tsserver"
      },
      "engines": {
        "node": ">=14.17"
      }
    },
    "node_modules/utf8": {
      "version": "3.0.0",
      "resolved": "https://registry.npmjs.org/utf8/-/utf8-3.0.0.tgz",
      "integrity": "sha512-E8VjFIQ/TyQgp+TZfS6l8yp/xWppSAHzidGiRrqe4bK4XP9pTRyKFgGJpO3SN7zdX4DeomTrwaseCHovfpFcqQ==",
      "license": "MIT"
    }
  }
}
